
Microsoft Visual Studio Solution File, Format Version 12.00
# Visual Studio Version 16
VisualStudioVersion = 16.0.29911.84
MinimumVisualStudioVersion = 10.0.40219.1
Project("{FAE04EC0-301F-11D3-BF4B-00C04F79EFBC}") = "DecoderTeltonika", "DecoderTeltonika\DecoderTeltonika.csproj", "{5B8B8C9D-E56B-4064-8E51-384817BCC9E3}"
EndProject
Global
	GlobalSection(SolutionConfigurationPlatforms) = preSolution
		Debug|Any CPU = Debug|Any CPU
		Release|Any CPU = Release|Any CPU
	EndGlobalSection
	GlobalSection(ProjectConfigurationPlatforms) = postSolution
		{5B8B8C9D-E56B-4064-8E51-384817BCC9E3}.Debug|Any CPU.ActiveCfg = Debug|Any CPU
		{5B8B8C9D-E56B-4064-8E51-384817BCC9E3}.Debug|Any CPU.Build.0 = Debug|Any CPU
		{5B8B8C9D-E56B-4064-8E51-384817BCC9E3}.Release|Any CPU.ActiveCfg = Release|Any CPU
		{5B8B8C9D-E56B-4064-8E51-384817BCC9E3}.Release|Any CPU.Build.0 = Release|Any CPU
	EndGlobalSection
	GlobalSection(SolutionProperties) = preSolution
		HideSolutionNode = FALSE
	EndGlobalSection
	GlobalSection(ExtensibilityGlobals) = postSolution
		SolutionGuid = {9570F9E6-8303-442A-A118-1978A33D458A}
	EndGlobalSection
EndGlobal
